
Microsoft Visual Studio Solution File, Format Version 12.00
# Visual Studio Version 16
VisualStudioVersion = 16.0.29020.237
MinimumVisualStudioVersion = 10.0.40219.1
Project("{9A19103F-16F7-4668-BE54-9A1E7A4F7556}") = "IStore", "IStore\IStore.csproj", "{8BC2838D-2CFF-40DD-9700-27A9A0B51DCE}"
EndProject
Project("{9A19103F-16F7-4668-BE54-9A1E7A4F7556}") = "IStoreTest", "IStoreTest\IStoreTest.csproj", "{4BD675F9-BC62-46A9-9C9C-F7E15C7D0A03}"
EndProject
Global
	GlobalSection(SolutionConfigurationPlatforms) = preSolution
		Debug|Any CPU = Debug|Any CPU
		Release|Any CPU = Release|Any CPU
	EndGlobalSection
	GlobalSection(ProjectConfigurationPlatforms) = postSolution
		{8BC2838D-2CFF-40DD-9700-27A9A0B51DCE}.Debug|Any CPU.ActiveCfg = Debug|Any CPU
		{8BC2838D-2CFF-40DD-9700-27A9A0B51DCE}.Debug|Any CPU.Build.0 = Debug|Any CPU
		{8BC2838D-2CFF-40DD-9700-27A9A0B51DCE}.Release|Any CPU.ActiveCfg = Release|Any CPU
		{8BC2838D-2CFF-40DD-9700-27A9A0B51DCE}.Release|Any CPU.Build.0 = Release|Any CPU
		{4BD675F9-BC62-46A9-9C9C-F7E15C7D0A03}.Debug|Any CPU.ActiveCfg = Debug|Any CPU
		{4BD675F9-BC62-46A9-9C9C-F7E15C7D0A03}.Debug|Any CPU.Build.0 = Debug|Any CPU
		{4BD675F9-BC62-46A9-9C9C-F7E15C7D0A03}.Release|Any CPU.ActiveCfg = Release|Any CPU
		{4BD675F9-BC62-46A9-9C9C-F7E15C7D0A03}.Release|Any CPU.Build.0 = Release|Any CPU
	EndGlobalSection
	GlobalSection(SolutionProperties) = preSolution
		HideSolutionNode = FALSE
	EndGlobalSection
	GlobalSection(ExtensibilityGlobals) = postSolution
		SolutionGuid = {FB047582-6DF5-4AB1-98CE-AA3DF4456CDD}
	EndGlobalSection
EndGlobal
